<?xml version="1.0" encoding="utf-8"?>
<Project ToolsVersion="4.0" xmlns="http://schemas.microsoft.com/developer/msbuild/2003">
  <ItemGroup>
    <Filter Include="Source Files">
      <UniqueIdentifier>{4FC737F1-C7A5-4376-A066-2A32D752A2FF}</UniqueIdentifier>
      <Extensions>cpp;c;cc;cxx;def;odl;idl;hpj;bat;asm;asmx</Extensions>
    </Filter>
    <Filter Include="Header Files">
      <UniqueIdentifier>{93995380-89BD-4b04-88EB-625FBE52EBFB}</UniqueIdentifier>
      <Extensions>h;hh;hpp;hxx;hm;inl;inc;xsd</Extensions>
    </Filter>
    <Filter Include="Resource Files">
      <UniqueIdentifier>{67DA6AB6-F800-4c08-8B7A-83BB121AAD01}</UniqueIdentifier>
      <Extensions>rc;ico;cur;bmp;dlg;rc2;rct;bin;rgs;gif;jpg;jpeg;jpe;resx;tiff;tif;png;wav</Extensions>
    </Filter>
  </ItemGroup>
  <ItemGroup>
    <ClCompile Include="src\DeviceManager.cpp">
      <Filter>Source Files</Filter>
    </ClCompile>
    <ClCompile Include="src\dfp.cpp">
      <Filter>Source Files</Filter>
    </ClCompile>
    <ClCompile Include="src\MxAccl.cpp">
      <Filter>Source Files</Filter>
    </ClCompile>
    <ClCompile Include="src\MxAcclMT.cpp">
      <Filter>Source Files</Filter>
    </ClCompile>
    <ClCompile Include="src\MxModel.cpp">
      <Filter>Source Files</Filter>
    </ClCompile>
    <ClCompile Include="src\prepost.cpp">
      <Filter>Source Files</Filter>
    </ClCompile>
    <ClCompile Include="src\utils\featureMap.cpp">
      <Filter>Source Files</Filter>
    </ClCompile>
    <ClCompile Include="src\utils\mxpack.cpp">
      <Filter>Source Files</Filter>
    </ClCompile>
    <ClCompile Include="src\utils\mxTypes.cpp">
      <Filter>Source Files</Filter>
    </ClCompile>
    <ClCompile Include="src\utils\path.cpp">
      <Filter>Source Files</Filter>
    </ClCompile>
    <ClCompile Include="src\client.cpp">
      <Filter>Source Files</Filter>
    </ClCompile>
    <ClCompile Include="src\DFPRunner.cpp">
      <Filter>Source Files</Filter>
    </ClCompile>
    <ClCompile Include="src\MxAcclBase.cpp">
      <Filter>Source Files</Filter>
    </ClCompile>
    <ClCompile Include="src\utils\id_tracker.cpp">
      <Filter>Source Files</Filter>
    </ClCompile>
    <ClCompile Include="src\utils\cpu_opts.cpp">
      <Filter>Source Files</Filter>
    </ClCompile>
  </ItemGroup>
  <ItemGroup>
    <ClInclude Include="include\memx\accl\dfp.h">
      <Filter>Header Files</Filter>
    </ClInclude>
    <ClInclude Include="include\memx\accl\DeviceManager.h">
      <Filter>Header Files</Filter>
    </ClInclude>
    <ClInclude Include="include\memx\accl\MxAccl.h">
      <Filter>Header Files</Filter>
    </ClInclude>
    <ClInclude Include="include\memx\accl\MxAcclMT.h">
      <Filter>Header Files</Filter>
    </ClInclude>
    <ClInclude Include="include\memx\accl\MxModel.h">
      <Filter>Header Files</Filter>
    </ClInclude>
    <ClInclude Include="include\memx\accl\prepost.h">
      <Filter>Header Files</Filter>
    </ClInclude>
    <ClInclude Include="include\memx\accl\utils\errors.h">
      <Filter>Header Files</Filter>
    </ClInclude>
    <ClInclude Include="include\memx\accl\utils\featureMap.h">
      <Filter>Header Files</Filter>
    </ClInclude>
    <ClInclude Include="include\memx\accl\utils\gbf.h">
      <Filter>Header Files</Filter>
    </ClInclude>
    <ClInclude Include="include\memx\accl\utils\general.h">
      <Filter>Header Files</Filter>
    </ClInclude>
    <ClInclude Include="include\memx\accl\utils\mxpack.h">
      <Filter>Header Files</Filter>
    </ClInclude>
    <ClInclude Include="include\memx\accl\utils\mxTypes.h">
      <Filter>Header Files</Filter>
    </ClInclude>
    <ClInclude Include="include\memx\accl\utils\path.h">
      <Filter>Header Files</Filter>
    </ClInclude>
    <ClInclude Include="include\memx\accl\utils\sync_queue.hpp">
      <Filter>Header Files</Filter>
    </ClInclude>
    <ClInclude Include="include\memx\accl\utils\thread_pool.hpp">
      <Filter>Header Files</Filter>
    </ClInclude>
    <ClInclude Include="include\memx\accl\daemon.h">
      <Filter>Header Files</Filter>
    </ClInclude>
  </ItemGroup>
  <ItemGroup>
    <None Include="ClassDiagram.cd" />
  </ItemGroup>
</Project>